// !$*UTF8*$!
{
	archiveVersion = 1;
	classes = {
	};
	objectVersion = 56;
	objects = {

/* Begin PBXBuildFile section */
		A001 /* LatitudeCamApp.swift in Sources */ = {isa = PBXBuildFile; fileRef = B001 /* LatitudeCamApp.swift */; };
		A002 /* FilmProfiles.swift in Sources */ = {isa = PBXBuildFile; fileRef = B002 /* FilmProfiles.swift */; };
		A003 /* ExposureControl.swift in Sources */ = {isa = PBXBuildFile; fileRef = B003 /* ExposureControl.swift */; };
		A004 /* CameraManager.swift in Sources */ = {isa = PBXBuildFile; fileRef = B004 /* CameraManager.swift */; };
		A005 /* PhotoExporter.swift in Sources */ = {isa = PBXBuildFile; fileRef = B005 /* PhotoExporter.swift */; };
		A006 /* PreviewEngine.swift in Sources */ = {isa = PBXBuildFile; fileRef = B006 /* PreviewEngine.swift */; };
		A007 /* PhotoGallery.swift in Sources */ = {isa = PBXBuildFile; fileRef = B007 /* PhotoGallery.swift */; };
		A008 /* HistogramEngine.swift in Sources */ = {isa = PBXBuildFile; fileRef = B008 /* HistogramEngine.swift */; };
		A009 /* AdvancedFeatures.swift in Sources */ = {isa = PBXBuildFile; fileRef = B009 /* AdvancedFeatures.swift */; };
		A010 /* ProductionFeatures.swift in Sources */ = {isa = PBXBuildFile; fileRef = B010 /* ProductionFeatures.swift */; };
		A011 /* Theme.swift in Sources */ = {isa = PBXBuildFile; fileRef = B011 /* Theme.swift */; };
		A012 /* Components.swift in Sources */ = {isa = PBXBuildFile; fileRef = B012 /* Components.swift */; };
		A017 /* Haptics.swift in Sources */ = {isa = PBXBuildFile; fileRef = B017 /* Haptics.swift */; };
		A018 /* SplashScreen.swift in Sources */ = {isa = PBXBuildFile; fileRef = B018 /* SplashScreen.swift */; };
		A019 /* FilmKnob.swift in Sources */ = {isa = PBXBuildFile; fileRef = B019 /* FilmKnob.swift */; };
		A020 /* RotaryDial.swift in Sources */ = {isa = PBXBuildFile; fileRef = B020 /* RotaryDial.swift */; };
		A021 /* Barrel.swift in Sources */ = {isa = PBXBuildFile; fileRef = B021 /* Barrel.swift */; };
		A013 /* EntryScreens.swift in Sources */ = {isa = PBXBuildFile; fileRef = B013 /* EntryScreens.swift */; };
		A014 /* ViewfinderScreen.swift in Sources */ = {isa = PBXBuildFile; fileRef = B014 /* ViewfinderScreen.swift */; };
		A015 /* LibraryScreens.swift in Sources */ = {isa = PBXBuildFile; fileRef = B015 /* LibraryScreens.swift */; };
		A016 /* ReviewSettingsScreens.swift in Sources */ = {isa = PBXBuildFile; fileRef = B016 /* ReviewSettingsScreens.swift */; };
		A100 /* Assets.xcassets in Resources */ = {isa = PBXBuildFile; fileRef = B100 /* Assets.xcassets */; };
		A200 /* FilmProfileTests.swift in Sources */ = {isa = PBXBuildFile; fileRef = B200 /* FilmProfileTests.swift */; };
		A201 /* ExposureControlTests.swift in Sources */ = {isa = PBXBuildFile; fileRef = B201 /* ExposureControlTests.swift */; };
		A202 /* CameraIntegrationTests.swift in Sources */ = {isa = PBXBuildFile; fileRef = B202 /* CameraIntegrationTests.swift */; };
		A203 /* PreviewEngineTests.swift in Sources */ = {isa = PBXBuildFile; fileRef = B203 /* PreviewEngineTests.swift */; };
		A205 /* AppStateWiringTests.swift in Sources */ = {isa = PBXBuildFile; fileRef = B205 /* AppStateWiringTests.swift */; };
		A206 /* EditScreenTests.swift in Sources */ = {isa = PBXBuildFile; fileRef = B206 /* EditScreenTests.swift */; };
		A207 /* SettingsTests.swift in Sources */ = {isa = PBXBuildFile; fileRef = B207 /* SettingsTests.swift */; };
		A208 /* LiveHistogramTests.swift in Sources */ = {isa = PBXBuildFile; fileRef = B208 /* LiveHistogramTests.swift */; };
		A209 /* HapticsAndDetentTests.swift in Sources */ = {isa = PBXBuildFile; fileRef = B209 /* HapticsAndDetentTests.swift */; };
		A210 /* SplashTests.swift in Sources */ = {isa = PBXBuildFile; fileRef = B210 /* SplashTests.swift */; };
		A204 /* Phase0_4_AllTests.swift in Sources */ = {isa = PBXBuildFile; fileRef = B204 /* Phase0_4_AllTests.swift */; };
/* End PBXBuildFile section */

/* Begin PBXFileReference section */
		B001 /* LatitudeCamApp.swift */ = {isa = PBXFileReference; lastKnownFileType = sourcecode.swift; path = LatitudeCamApp.swift; sourceTree = "<group>"; };
		B002 /* FilmProfiles.swift */ = {isa = PBXFileReference; lastKnownFileType = sourcecode.swift; path = FilmProfiles.swift; sourceTree = "<group>"; };
		B003 /* ExposureControl.swift */ = {isa = PBXFileReference; lastKnownFileType = sourcecode.swift; path = ExposureControl.swift; sourceTree = "<group>"; };
		B004 /* CameraManager.swift */ = {isa = PBXFileReference; lastKnownFileType = sourcecode.swift; path = CameraManager.swift; sourceTree = "<group>"; };
		B005 /* PhotoExporter.swift */ = {isa = PBXFileReference; lastKnownFileType = sourcecode.swift; path = PhotoExporter.swift; sourceTree = "<group>"; };
		B006 /* PreviewEngine.swift */ = {isa = PBXFileReference; lastKnownFileType = sourcecode.swift; path = PreviewEngine.swift; sourceTree = "<group>"; };
		B007 /* PhotoGallery.swift */ = {isa = PBXFileReference; lastKnownFileType = sourcecode.swift; path = PhotoGallery.swift; sourceTree = "<group>"; };
		B008 /* HistogramEngine.swift */ = {isa = PBXFileReference; lastKnownFileType = sourcecode.swift; path = HistogramEngine.swift; sourceTree = "<group>"; };
		B009 /* AdvancedFeatures.swift */ = {isa = PBXFileReference; lastKnownFileType = sourcecode.swift; path = AdvancedFeatures.swift; sourceTree = "<group>"; };
		B010 /* ProductionFeatures.swift */ = {isa = PBXFileReference; lastKnownFileType = sourcecode.swift; path = ProductionFeatures.swift; sourceTree = "<group>"; };
		B011 /* Theme.swift */ = {isa = PBXFileReference; lastKnownFileType = sourcecode.swift; path = Theme.swift; sourceTree = "<group>"; };
		B012 /* Components.swift */ = {isa = PBXFileReference; lastKnownFileType = sourcecode.swift; path = Components.swift; sourceTree = "<group>"; };
		B017 /* Haptics.swift */ = {isa = PBXFileReference; lastKnownFileType = sourcecode.swift; path = Haptics.swift; sourceTree = "<group>"; };
		B018 /* SplashScreen.swift */ = {isa = PBXFileReference; lastKnownFileType = sourcecode.swift; path = SplashScreen.swift; sourceTree = "<group>"; };
		B019 /* FilmKnob.swift */ = {isa = PBXFileReference; lastKnownFileType = sourcecode.swift; path = FilmKnob.swift; sourceTree = "<group>"; };
		B020 /* RotaryDial.swift */ = {isa = PBXFileReference; lastKnownFileType = sourcecode.swift; path = RotaryDial.swift; sourceTree = "<group>"; };
		B021 /* Barrel.swift */ = {isa = PBXFileReference; lastKnownFileType = sourcecode.swift; path = Barrel.swift; sourceTree = "<group>"; };
		B013 /* EntryScreens.swift */ = {isa = PBXFileReference; lastKnownFileType = sourcecode.swift; path = EntryScreens.swift; sourceTree = "<group>"; };
		B014 /* ViewfinderScreen.swift */ = {isa = PBXFileReference; lastKnownFileType = sourcecode.swift; path = ViewfinderScreen.swift; sourceTree = "<group>"; };
		B015 /* LibraryScreens.swift */ = {isa = PBXFileReference; lastKnownFileType = sourcecode.swift; path = LibraryScreens.swift; sourceTree = "<group>"; };
		B016 /* ReviewSettingsScreens.swift */ = {isa = PBXFileReference; lastKnownFileType = sourcecode.swift; path = ReviewSettingsScreens.swift; sourceTree = "<group>"; };
		B100 /* Assets.xcassets */ = {isa = PBXFileReference; lastKnownFileType = folder.assetcatalog; path = Assets.xcassets; sourceTree = "<group>"; };
		C001 /* LatitudeCam.app */ = {isa = PBXFileReference; explicitFileType = wrapper.application; includeInIndex = 0; path = LatitudeCam.app; sourceTree = BUILT_PRODUCTS_DIR; };
		C002 /* LatitudeCamTests.xctest */ = {isa = PBXFileReference; explicitFileType = wrapper.cfbundle; includeInIndex = 0; path = LatitudeCamTests.xctest; sourceTree = BUILT_PRODUCTS_DIR; };
		B200 /* FilmProfileTests.swift */ = {isa = PBXFileReference; lastKnownFileType = sourcecode.swift; path = FilmProfileTests.swift; sourceTree = "<group>"; };
		B201 /* ExposureControlTests.swift */ = {isa = PBXFileReference; lastKnownFileType = sourcecode.swift; path = ExposureControlTests.swift; sourceTree = "<group>"; };
		B202 /* CameraIntegrationTests.swift */ = {isa = PBXFileReference; lastKnownFileType = sourcecode.swift; path = CameraIntegrationTests.swift; sourceTree = "<group>"; };
		B203 /* PreviewEngineTests.swift */ = {isa = PBXFileReference; lastKnownFileType = sourcecode.swift; path = PreviewEngineTests.swift; sourceTree = "<group>"; };
		B205 /* AppStateWiringTests.swift */ = {isa = PBXFileReference; lastKnownFileType = sourcecode.swift; path = AppStateWiringTests.swift; sourceTree = "<group>"; };
		B206 /* EditScreenTests.swift */ = {isa = PBXFileReference; lastKnownFileType = sourcecode.swift; path = EditScreenTests.swift; sourceTree = "<group>"; };
		B207 /* SettingsTests.swift */ = {isa = PBXFileReference; lastKnownFileType = sourcecode.swift; path = SettingsTests.swift; sourceTree = "<group>"; };
		B208 /* LiveHistogramTests.swift */ = {isa = PBXFileReference; lastKnownFileType = sourcecode.swift; path = LiveHistogramTests.swift; sourceTree = "<group>"; };
		B209 /* HapticsAndDetentTests.swift */ = {isa = PBXFileReference; lastKnownFileType = sourcecode.swift; path = HapticsAndDetentTests.swift; sourceTree = "<group>"; };
		B210 /* SplashTests.swift */ = {isa = PBXFileReference; lastKnownFileType = sourcecode.swift; path = SplashTests.swift; sourceTree = "<group>"; };
		B204 /* Phase0_4_AllTests.swift */ = {isa = PBXFileReference; lastKnownFileType = sourcecode.swift; path = Phase0_4_AllTests.swift; sourceTree = "<group>"; };
/* End PBXFileReference section */

/* Begin PBXGroup section */
		D000 /* UI */ = {
			isa = PBXGroup;
			children = (B011, B012, B013, B014, B015, B016, B017, B018, B019, B020, B021);
			path = UI;
			sourceTree = "<group>";
		};
		D001 /* Sources */ = {
			isa = PBXGroup;
			children = (B001, D000, B002, B003, B004, B005, B006, B007, B008, B009, B010);
			path = Sources;
			sourceTree = "<group>";
		};
		D002 /* Products */ = {
			isa = PBXGroup;
			children = (C001, C002);
			name = Products;
			sourceTree = "<group>";
		};
		D004 /* Tests */ = {
			isa = PBXGroup;
			children = (B200, B201, B202, B203, B204, B205, B206, B207, B208, B209, B210);
			path = Tests;
			sourceTree = "<group>";
		};
		D003 /* LatitudeCam */ = {
			isa = PBXGroup;
			children = (D001, D004, B100, D002);
			sourceTree = "<group>";
		};
/* End PBXGroup section */

/* Begin PBXNativeTarget section */
		E001 /* LatitudeCam */ = {
			isa = PBXNativeTarget;
			buildConfigurationList = E010 /* Build configuration list for PBXNativeTarget "LatitudeCam" */;
			buildPhases = (F001 /* Sources */, F002 /* Resources */);
			buildRules = ();
			dependencies = ();
			name = LatitudeCam;
			productName = LatitudeCam;
			productReference = C001 /* LatitudeCam.app */;
			productType = "com.apple.product-type.application";
		};
		E002 /* LatitudeCamTests */ = {
			isa = PBXNativeTarget;
			buildConfigurationList = E020 /* Build configuration list for PBXNativeTarget "LatitudeCamTests" */;
			buildPhases = (F003 /* Sources */);
			buildRules = ();
			dependencies = (E030 /* PBXTargetDependency */);
			name = LatitudeCamTests;
			productName = LatitudeCamTests;
			productReference = C002 /* LatitudeCamTests.xctest */;
			productType = "com.apple.product-type.bundle.unit-test";
		};
/* End PBXNativeTarget section */

/* Begin PBXTargetDependency section */
		E030 /* PBXTargetDependency */ = {
			isa = PBXTargetDependency;
			target = E001 /* LatitudeCam */;
			targetProxy = E031 /* PBXContainerItemProxy */;
		};
/* End PBXTargetDependency section */

/* Begin PBXContainerItemProxy section */
		E031 /* PBXContainerItemProxy */ = {
			isa = PBXContainerItemProxy;
			containerPortal = G001 /* Project object */;
			proxyType = 1;
			remoteGlobalIDString = E001;
			remoteInfo = LatitudeCam;
		};
/* End PBXContainerItemProxy section */

/* Begin PBXProject section */
		G001 /* Project object */ = {
			isa = PBXProject;
			attributes = {
				BuildIndependentTargetsInParallel = 1;
				LastUpgradeCheck = 1500;
				TargetAttributes = { E001 = {CreatedOnToolsVersion = 15.0;}; };
			};
			buildConfigurationList = G010 /* Build configuration list for PBXProject "LatitudeCam" */;
			compatibilityVersion = "Xcode 14.0";
			developmentRegion = en;
			hasScannedForEncodings = 0;
			knownRegions = (en, Base);
			mainGroup = D003;
			productRefGroup = D002;
			projectDirPath = "";
			projectRoot = "";
			targets = (E001, E002);
		};
/* End PBXProject section */

/* Begin PBXResourcesBuildPhase section */
		F002 /* Resources */ = {
			isa = PBXResourcesBuildPhase;
			buildActionMask = 2147483647;
			files = (A100 /* Assets.xcassets in Resources */);
			runOnlyForDeploymentPostprocessing = 0;
		};
/* End PBXResourcesBuildPhase section */

/* Begin PBXSourcesBuildPhase section */
		F001 /* Sources */ = {
			isa = PBXSourcesBuildPhase;
			buildActionMask = 2147483647;
			files = (A001, A002, A003, A004, A005, A006, A007, A008, A009, A010, A011, A012, A013, A014, A015, A016, A017, A018, A019, A020, A021);
			runOnlyForDeploymentPostprocessing = 0;
		};
		F003 /* Sources */ = {
			isa = PBXSourcesBuildPhase;
			buildActionMask = 2147483647;
			files = (A200, A201, A202, A203, A204, A205, A206, A207, A208, A209, A210);
			runOnlyForDeploymentPostprocessing = 0;
		};
/* End PBXSourcesBuildPhase section */

/* Begin XCBuildConfiguration section */
		H001 /* Debug */ = {
			isa = XCBuildConfiguration;
			buildSettings = {
				ALWAYS_SEARCH_USER_PATHS = NO;
				CLANG_ANALYZER_NONNULL = YES;
				CLANG_ENABLE_OBJC_ARC = YES;
				CODE_SIGN_STYLE = Automatic;
				COPY_PHASE_STRIP = NO;
				DEBUG_INFORMATION_FORMAT = dwarf;
				ENABLE_STRICT_OBJC_MSGSEND = YES;
				ENABLE_TESTABILITY = YES;
				GCC_DYNAMIC_NO_PIC = NO;
				GCC_OPTIMIZATION_LEVEL = 0;
				IPHONEOS_DEPLOYMENT_TARGET = 17.0;
				MTL_ENABLE_DEBUG_INFO = INCLUDE_SOURCE;
				ONLY_ACTIVE_ARCH = YES;
				SDKROOT = iphoneos;
				SWIFT_ACTIVE_COMPILATION_CONDITIONS = DEBUG;
				SWIFT_OPTIMIZATION_LEVEL = "-Onone";
				SWIFT_VERSION = 5.9;
			};
			name = Debug;
		};
		H002 /* Release */ = {
			isa = XCBuildConfiguration;
			buildSettings = {
				ALWAYS_SEARCH_USER_PATHS = NO;
				CLANG_ANALYZER_NONNULL = YES;
				CLANG_ENABLE_OBJC_ARC = YES;
				CODE_SIGN_STYLE = Automatic;
				COPY_PHASE_STRIP = YES;
				DEBUG_INFORMATION_FORMAT = "dwarf-with-dsym";
				ENABLE_NS_ASSERTIONS = NO;
				ENABLE_STRICT_OBJC_MSGSEND = YES;
				GCC_OPTIMIZATION_LEVEL = s;
				IPHONEOS_DEPLOYMENT_TARGET = 17.0;
				MTL_ENABLE_DEBUG_INFO = NO;
				SDKROOT = iphoneos;
				SWIFT_COMPILATION_MODE = wholemodule;
				SWIFT_OPTIMIZATION_LEVEL = "-O";
				SWIFT_VERSION = 5.9;
				VALIDATE_PRODUCT = YES;
			};
			name = Release;
		};
		H003 /* Debug */ = {
			isa = XCBuildConfiguration;
			buildSettings = {
				ASSETCATALOG_COMPILER_APPICON_NAME = AppIcon;
				ASSETCATALOG_COMPILER_GLOBAL_ACCENT_COLOR_NAME = AccentColor;
				CODE_SIGN_STYLE = Automatic;
				CURRENT_PROJECT_VERSION = 1;
				GENERATE_INFOPLIST_FILE = YES;
				INFOPLIST_KEY_CFBundleDisplayName = Latitude;
				INFOPLIST_KEY_NSCameraUsageDescription = "Latitude uses the camera to shoot photos with manual controls and film simulations.";
				INFOPLIST_KEY_NSPhotoLibraryAddUsageDescription = "Latitude saves your captures to your photo library.";
				INFOPLIST_KEY_NSPhotoLibraryUsageDescription = "Latitude shows your Latitude roll by reading it back from Photos, so it does not keep a second copy of every frame.";
				INFOPLIST_KEY_UIApplicationSceneManifest_Generation = YES;
				INFOPLIST_KEY_UILaunchScreen_Generation = YES;
				INFOPLIST_KEY_UIStatusBarStyle = UIStatusBarStyleLightContent;
				INFOPLIST_KEY_UISupportedInterfaceOrientations = UIInterfaceOrientationPortrait;
				INFOPLIST_KEY_UIUserInterfaceStyle = Dark;
				IPHONEOS_DEPLOYMENT_TARGET = 17.0;
				MARKETING_VERSION = 1.0;
				PRODUCT_BUNDLE_IDENTIFIER = com.latitude.cam;
			DEVELOPMENT_TEAM = CF52J3SDFC;
				PRODUCT_NAME = "$(TARGET_NAME)";
				SDKROOT = iphoneos;
				SWIFT_EMIT_LOC_STRINGS = YES;
				SWIFT_VERSION = 5.9;
				TARGETED_DEVICE_FAMILY = 1;
			};
			name = Debug;
		};
		H004 /* Release */ = {
			isa = XCBuildConfiguration;
			buildSettings = {
				ASSETCATALOG_COMPILER_APPICON_NAME = AppIcon;
				ASSETCATALOG_COMPILER_GLOBAL_ACCENT_COLOR_NAME = AccentColor;
				CODE_SIGN_STYLE = Automatic;
				CURRENT_PROJECT_VERSION = 1;
				GENERATE_INFOPLIST_FILE = YES;
				INFOPLIST_KEY_CFBundleDisplayName = Latitude;
				INFOPLIST_KEY_NSCameraUsageDescription = "Latitude uses the camera to shoot photos with manual controls and film simulations.";
				INFOPLIST_KEY_NSPhotoLibraryAddUsageDescription = "Latitude saves your captures to your photo library.";
				INFOPLIST_KEY_NSPhotoLibraryUsageDescription = "Latitude shows your Latitude roll by reading it back from Photos, so it does not keep a second copy of every frame.";
				INFOPLIST_KEY_UIApplicationSceneManifest_Generation = YES;
				INFOPLIST_KEY_UILaunchScreen_Generation = YES;
				INFOPLIST_KEY_UIStatusBarStyle = UIStatusBarStyleLightContent;
				INFOPLIST_KEY_UISupportedInterfaceOrientations = UIInterfaceOrientationPortrait;
				INFOPLIST_KEY_UIUserInterfaceStyle = Dark;
				IPHONEOS_DEPLOYMENT_TARGET = 17.0;
				MARKETING_VERSION = 1.0;
				PRODUCT_BUNDLE_IDENTIFIER = com.latitude.cam;
			DEVELOPMENT_TEAM = CF52J3SDFC;
				PRODUCT_NAME = "$(TARGET_NAME)";
				SDKROOT = iphoneos;
				SWIFT_EMIT_LOC_STRINGS = YES;
				SWIFT_VERSION = 5.9;
				TARGETED_DEVICE_FAMILY = 1;
				VALIDATE_PRODUCT = YES;
			};
			name = Release;
		};
		H005 /* Debug */ = {
			isa = XCBuildConfiguration;
			buildSettings = {
				BUNDLE_LOADER = "$(TEST_HOST)";
				CODE_SIGN_STYLE = Automatic;
				CURRENT_PROJECT_VERSION = 1;
				GENERATE_INFOPLIST_FILE = YES;
				IPHONEOS_DEPLOYMENT_TARGET = 17.0;
				MARKETING_VERSION = 1.0;
				PRODUCT_BUNDLE_IDENTIFIER = com.latitude.cam.tests;
				PRODUCT_NAME = "$(TARGET_NAME)";
				SDKROOT = iphoneos;
				SWIFT_VERSION = 5.9;
				TARGETED_DEVICE_FAMILY = 1;
				TEST_HOST = "$(BUILT_PRODUCTS_DIR)/LatitudeCam.app/$(BUNDLE_EXECUTABLE_FOLDER_PATH)/LatitudeCam";
			};
			name = Debug;
		};
		H006 /* Release */ = {
			isa = XCBuildConfiguration;
			buildSettings = {
				BUNDLE_LOADER = "$(TEST_HOST)";
				CODE_SIGN_STYLE = Automatic;
				CURRENT_PROJECT_VERSION = 1;
				GENERATE_INFOPLIST_FILE = YES;
				IPHONEOS_DEPLOYMENT_TARGET = 17.0;
				MARKETING_VERSION = 1.0;
				PRODUCT_BUNDLE_IDENTIFIER = com.latitude.cam.tests;
				PRODUCT_NAME = "$(TARGET_NAME)";
				SDKROOT = iphoneos;
				SWIFT_VERSION = 5.9;
				TARGETED_DEVICE_FAMILY = 1;
				TEST_HOST = "$(BUILT_PRODUCTS_DIR)/LatitudeCam.app/$(BUNDLE_EXECUTABLE_FOLDER_PATH)/LatitudeCam";
			};
			name = Release;
		};
/* End XCBuildConfiguration section */

/* Begin XCConfigurationList section */
		G010 /* Build configuration list for PBXProject "LatitudeCam" */ = {
			isa = XCConfigurationList;
			buildConfigurations = (H001, H002);
			defaultConfigurationIsVisible = 0;
			defaultConfigurationName = Release;
		};
		E010 /* Build configuration list for PBXNativeTarget "LatitudeCam" */ = {
			isa = XCConfigurationList;
			buildConfigurations = (H003, H004);
			defaultConfigurationIsVisible = 0;
			defaultConfigurationName = Release;
		};
		E020 /* Build configuration list for PBXNativeTarget "LatitudeCamTests" */ = {
			isa = XCConfigurationList;
			buildConfigurations = (H005, H006);
			defaultConfigurationIsVisible = 0;
			defaultConfigurationName = Release;
		};
/* End XCConfigurationList section */
	};
	rootObject = G001 /* Project object */;
}
